
Microsoft Visual Studio Solution File, Format Version 12.00
# Visual Studio Version 17
VisualStudioVersion = 17.0.31903.59
MinimumVisualStudioVersion = 10.0.40219.1
Project("{FAE04EC0-301F-11D3-BF4B-00C04F79EFBC}") = "BasketballAnalytics.Api", "BasketballAnalytics.Api\BasketballAnalytics.Api.csproj", "{591C04F5-6F96-4376-B246-DED8BD7A8F12}"
EndProject
Project("{FAE04EC0-301F-11D3-BF4B-00C04F79EFBC}") = "BasketballAnalytics.Domain", "BasketballAnalytics.Domain\BasketballAnalytics.Domain.csproj", "{BB74AAC4-4862-4FF4-B5C8-22F2E29ECF2C}"
EndProject
Project("{FAE04EC0-301F-11D3-BF4B-00C04F79EFBC}") = "BasketballAnalytics.Aplication", "BasketballAnalytics.Aplication\BasketballAnalytics.Aplication.csproj", "{89978D27-1718-4A71-9831-313B8AEFFD36}"
EndProject
Project("{FAE04EC0-301F-11D3-BF4B-00C04F79EFBC}") = "BasketballAnalytics.Persistence", "BasketballAnalytics.Persistence\BasketballAnalytics.Persistence.csproj", "{FD13D43F-DF74-4846-8ACB-258268C9F7D5}"
EndProject
Global
	GlobalSection(SolutionConfigurationPlatforms) = preSolution
		Debug|Any CPU = Debug|Any CPU
		Release|Any CPU = Release|Any CPU
	EndGlobalSection
	GlobalSection(SolutionProperties) = preSolution
		HideSolutionNode = FALSE
	EndGlobalSection
	GlobalSection(ProjectConfigurationPlatforms) = postSolution
		{591C04F5-6F96-4376-B246-DED8BD7A8F12}.Debug|Any CPU.ActiveCfg = Debug|Any CPU
		{591C04F5-6F96-4376-B246-DED8BD7A8F12}.Debug|Any CPU.Build.0 = Debug|Any CPU
		{591C04F5-6F96-4376-B246-DED8BD7A8F12}.Release|Any CPU.ActiveCfg = Release|Any CPU
		{591C04F5-6F96-4376-B246-DED8BD7A8F12}.Release|Any CPU.Build.0 = Release|Any CPU
		{BB74AAC4-4862-4FF4-B5C8-22F2E29ECF2C}.Debug|Any CPU.ActiveCfg = Debug|Any CPU
		{BB74AAC4-4862-4FF4-B5C8-22F2E29ECF2C}.Debug|Any CPU.Build.0 = Debug|Any CPU
		{BB74AAC4-4862-4FF4-B5C8-22F2E29ECF2C}.Release|Any CPU.ActiveCfg = Release|Any CPU
		{BB74AAC4-4862-4FF4-B5C8-22F2E29ECF2C}.Release|Any CPU.Build.0 = Release|Any CPU
		{89978D27-1718-4A71-9831-313B8AEFFD36}.Debug|Any CPU.ActiveCfg = Debug|Any CPU
		{89978D27-1718-4A71-9831-313B8AEFFD36}.Debug|Any CPU.Build.0 = Debug|Any CPU
		{89978D27-1718-4A71-9831-313B8AEFFD36}.Release|Any CPU.ActiveCfg = Release|Any CPU
		{89978D27-1718-4A71-9831-313B8AEFFD36}.Release|Any CPU.Build.0 = Release|Any CPU
		{FD13D43F-DF74-4846-8ACB-258268C9F7D5}.Debug|Any CPU.ActiveCfg = Debug|Any CPU
		{FD13D43F-DF74-4846-8ACB-258268C9F7D5}.Debug|Any CPU.Build.0 = Debug|Any CPU
		{FD13D43F-DF74-4846-8ACB-258268C9F7D5}.Release|Any CPU.ActiveCfg = Release|Any CPU
		{FD13D43F-DF74-4846-8ACB-258268C9F7D5}.Release|Any CPU.Build.0 = Release|Any CPU
	EndGlobalSection
EndGlobal
